
Microsoft Visual Studio Solution File, Format Version 12.00
# Visual Studio Version 17
VisualStudioVersion = 17.7.34009.444
MinimumVisualStudioVersion = 10.0.40219.1
Project("{8BC9CEB8-8B4A-11D0-8D11-00A0C91BC942}") = "Countdown", "Countdown\Countdown.vcxproj", "{B3A10339-2CDF-4183-8783-249020EE419A}"
EndProject
Global
	GlobalSection(SolutionConfigurationPlatforms) = preSolution
		Debug|x64 = Debug|x64
		Debug|x86 = Debug|x86
		Release|x64 = Release|x64
		Release|x86 = Release|x86
	EndGlobalSection
	GlobalSection(ProjectConfigurationPlatforms) = postSolution
		{B3A10339-2CDF-4183-8783-249020EE419A}.Debug|x64.ActiveCfg = Debug|x64
		{B3A10339-2CDF-4183-8783-249020EE419A}.Debug|x64.Build.0 = Debug|x64
		{B3A10339-2CDF-4183-8783-249020EE419A}.Debug|x86.ActiveCfg = Debug|Win32
		{B3A10339-2CDF-4183-8783-249020EE419A}.Debug|x86.Build.0 = Debug|Win32
		{B3A10339-2CDF-4183-8783-249020EE419A}.Release|x64.ActiveCfg = Release|x64
		{B3A10339-2CDF-4183-8783-249020EE419A}.Release|x64.Build.0 = Release|x64
		{B3A10339-2CDF-4183-8783-249020EE419A}.Release|x86.ActiveCfg = Release|Win32
		{B3A10339-2CDF-4183-8783-249020EE419A}.Release|x86.Build.0 = Release|Win32
	EndGlobalSection
	GlobalSection(SolutionProperties) = preSolution
		HideSolutionNode = FALSE
	EndGlobalSection
	GlobalSection(ExtensibilityGlobals) = postSolution
		SolutionGuid = {04017343-B608-40ED-A629-02E8FC6BB648}
	EndGlobalSection
EndGlobal
